
Microsoft Visual Studio Solution File, Format Version 12.00
# Visual Studio Version 16
VisualStudioVersion = 16.0.29613.14
MinimumVisualStudioVersion = 10.0.40219.1
Project("{9A19103F-16F7-4668-BE54-9A1E7A4F7556}") = "Bookstore", "Bookstore\Bookstore.csproj", "{29D261B5-1D93-47EB-81EB-AD02CE733715}"
EndProject
Global
	GlobalSection(SolutionConfigurationPlatforms) = preSolution
		Debug|Any CPU = Debug|Any CPU
		Release|Any CPU = Release|Any CPU
	EndGlobalSection
	GlobalSection(ProjectConfigurationPlatforms) = postSolution
		{29D261B5-1D93-47EB-81EB-AD02CE733715}.Debug|Any CPU.ActiveCfg = Debug|Any CPU
		{29D261B5-1D93-47EB-81EB-AD02CE733715}.Debug|Any CPU.Build.0 = Debug|Any CPU
		{29D261B5-1D93-47EB-81EB-AD02CE733715}.Release|Any CPU.ActiveCfg = Release|Any CPU
		{29D261B5-1D93-47EB-81EB-AD02CE733715}.Release|Any CPU.Build.0 = Release|Any CPU
	EndGlobalSection
	GlobalSection(SolutionProperties) = preSolution
		HideSolutionNode = FALSE
	EndGlobalSection
	GlobalSection(ExtensibilityGlobals) = postSolution
		SolutionGuid = {922AE68C-5BF5-4D70-9E32-469E170C763E}
	EndGlobalSection
EndGlobal
